// !$*UTF8*$!
{
	archiveVersion = 1;
	classes = {
	};
	objectVersion = 46;
	objects = {

/* Begin PBXBuildFile section */
		BA91291018E1335100ADAEB9 /* Foundation.framework in Frameworks */ = {isa = PBXBuildFile; fileRef = BA91290F18E1335100ADAEB9 /* Foundation.framework */; };
		BA91291218E1335100ADAEB9 /* CoreGraphics.framework in Frameworks */ = {isa = PBXBuildFile; fileRef = BA91291118E1335100ADAEB9 /* CoreGraphics.framework */; };
		BA91291418E1335100ADAEB9 /* UIKit.framework in Frameworks */ = {isa = PBXBuildFile; fileRef = BA91291318E1335100ADAEB9 /* UIKit.framework */; };
		BA91291A18E1335100ADAEB9 /* InfoPlist.strings in Resources */ = {isa = PBXBuildFile; fileRef = BA91291818E1335100ADAEB9 /* InfoPlist.strings */; };
		BA91291C18E1335100ADAEB9 /* main.m in Sources */ = {isa = PBXBuildFile; fileRef = BA91291B18E1335100ADAEB9 /* main.m */; };
		BA91292018E1335100ADAEB9 /* AppDelegate.m in Sources */ = {isa = PBXBuildFile; fileRef = BA91291F18E1335100ADAEB9 /* AppDelegate.m */; };
		BA91292318E1335100ADAEB9 /* Main_iPhone.storyboard in Resources */ = {isa = PBXBuildFile; fileRef = BA91292118E1335100ADAEB9 /* Main_iPhone.storyboard */; };
		BA91292618E1335100ADAEB9 /* Main_iPad.storyboard in Resources */ = {isa = PBXBuildFile; fileRef = BA91292418E1335100ADAEB9 /* Main_iPad.storyboard */; };
		BA91292918E1335100ADAEB9 /* ViewController.m in Sources */ = {isa = PBXBuildFile; fileRef = BA91292818E1335100ADAEB9 /* ViewController.m */; };
		BA91292B18E1335100ADAEB9 /* Images.xcassets in Resources */ = {isa = PBXBuildFile; fileRef = BA91292A18E1335100ADAEB9 /* Images.xcassets */; };
		BA91293218E1335100ADAEB9 /* XCTest.framework in Frameworks */ = {isa = PBXBuildFile; fileRef = BA91293118E1335100ADAEB9 /* XCTest.framework */; };
		BA91293318E1335100ADAEB9 /* Foundation.framework in Frameworks */ = {isa = PBXBuildFile; fileRef = BA91290F18E1335100ADAEB9 /* Foundation.framework */; };
		BA91293418E1335100ADAEB9 /* UIKit.framework in Frameworks */ = {isa = PBXBuildFile; fileRef = BA91291318E1335100ADAEB9 /* UIKit.framework */; };
		BA91293C18E1335100ADAEB9 /* InfoPlist.strings in Resources */ = {isa = PBXBuildFile; fileRef = BA91293A18E1335100ADAEB9 /* InfoPlist.strings */; };
		BA91293E18E1335100ADAEB9 /* WakeMeUpProTests.m in Sources */ = {isa = PBXBuildFile; fileRef = BA91293D18E1335100ADAEB9 /* WakeMeUpProTests.m */; };
/* End PBXBuildFile section */

/* Begin PBXContainerItemProxy section */
		BA91293518E1335100ADAEB9 /* PBXContainerItemProxy */ = {
			isa = PBXContainerItemProxy;
			containerPortal = BA91290418E1335100ADAEB9 /* Project object */;
			proxyType = 1;
			remoteGlobalIDString = BA91290B18E1335100ADAEB9;
			remoteInfo = WakeMeUpPro;
		};
/* End PBXContainerItemProxy section */

/* Begin PBXFileReference section */
		BA91290C18E1335100ADAEB9 /* WakeMeUpPro.app */ = {isa = PBXFileReference; explicitFileType = wrapper.application; includeInIndex = 0; path = WakeMeUpPro.app; sourceTree = BUILT_PRODUCTS_DIR; };
		BA91290F18E1335100ADAEB9 /* Foundation.framework */ = {isa = PBXFileReference; lastKnownFileType = wrapper.framework; name = Foundation.framework; path = System/Library/Frameworks/Foundation.framework; sourceTree = SDKROOT; };
		BA91291118E1335100ADAEB9 /* CoreGraphics.framework */ = {isa = PBXFileReference; lastKnownFileType = wrapper.framework; name = CoreGraphics.framework; path = System/Library/Frameworks/CoreGraphics.framework; sourceTree = SDKROOT; };
		BA91291318E1335100ADAEB9 /* UIKit.framework */ = {isa = PBXFileReference; lastKnownFileType = wrapper.framework; name = UIKit.framework; path = System/Library/Frameworks/UIKit.framework; sourceTree = SDKROOT; };
		BA91291718E1335100ADAEB9 /* WakeMeUpPro-Info.plist */ = {isa = PBXFileReference; lastKnownFileType = text.plist.xml; path = "WakeMeUpPro-Info.plist"; sourceTree = "<group>"; };
		BA91291918E1335100ADAEB9 /* en */ = {isa = PBXFileReference; lastKnownFileType = text.plist.strings; name = en; path = en.lproj/InfoPlist.strings; sourceTree = "<group>"; };
		BA91291B18E1335100ADAEB9 /* main.m */ = {isa = PBXFileReference; lastKnownFileType = sourcecode.c.objc; path = main.m; sourceTree = "<group>"; };
		BA91291D18E1335100ADAEB9 /* WakeMeUpPro-Prefix.pch */ = {isa = PBXFileReference; lastKnownFileType = sourcecode.c.h; path = "WakeMeUpPro-Prefix.pch"; sourceTree = "<group>"; };
		BA91291E18E1335100ADAEB9 /* AppDelegate.h */ = {isa = PBXFileReference; lastKnownFileType = sourcecode.c.h; path = AppDelegate.h; sourceTree = "<group>"; };
		BA91291F18E1335100ADAEB9 /* AppDelegate.m */ = {isa = PBXFileReference; lastKnownFileType = sourcecode.c.objc; path = AppDelegate.m; sourceTree = "<group>"; };
		BA91292218E1335100ADAEB9 /* Base */ = {isa = PBXFileReference; lastKnownFileType = file.storyboard; name = Base; path = Base.lproj/Main_iPhone.storyboard; sourceTree = "<group>"; };
		BA91292518E1335100ADAEB9 /* Base */ = {isa = PBXFileReference; lastKnownFileType = file.storyboard; name = Base; path = Base.lproj/Main_iPad.storyboard; sourceTree = "<group>"; };
		BA91292718E1335100ADAEB9 /* ViewController.h */ = {isa = PBXFileReference; lastKnownFileType = sourcecode.c.h; path = ViewController.h; sourceTree = "<group>"; };
		BA91292818E1335100ADAEB9 /* ViewController.m */ = {isa = PBXFileReference; lastKnownFileType = sourcecode.c.objc; path = ViewController.m; sourceTree = "<group>"; };
		BA91292A18E1335100ADAEB9 /* Images.xcassets */ = {isa = PBXFileReference; lastKnownFileType = folder.assetcatalog; path = Images.xcassets; sourceTree = "<group>"; };
		BA91293018E1335100ADAEB9 /* WakeMeUpProTests.xctest */ = {isa = PBXFileReference; explicitFileType = wrapper.cfbundle; includeInIndex = 0; path = WakeMeUpProTests.xctest; sourceTree = BUILT_PRODUCTS_DIR; };
		BA91293118E1335100ADAEB9 /* XCTest.framework */ = {isa = PBXFileReference; lastKnownFileType = wrapper.framework; name = XCTest.framework; path = Library/Frameworks/XCTest.framework; sourceTree = DEVELOPER_DIR; };
		BA91293918E1335100ADAEB9 /* WakeMeUpProTests-Info.plist */ = {isa = PBXFileReference; lastKnownFileType = text.plist.xml; path = "WakeMeUpProTests-Info.plist"; sourceTree = "<group>"; };
		BA91293B18E1335100ADAEB9 /* en */ = {isa = PBXFileReference; lastKnownFileType = text.plist.strings; name = en; path = en.lproj/InfoPlist.strings; sourceTree = "<group>"; };
		BA91293D18E1335100ADAEB9 /* WakeMeUpProTests.m */ = {isa = PBXFileReference; lastKnownFileType = sourcecode.c.objc; path = WakeMeUpProTests.m; sourceTree = "<group>"; };
/* End PBXFileReference section */

/* Begin PBXFrameworksBuildPhase section */
		BA91290918E1335100ADAEB9 /* Frameworks */ = {
			isa = PBXFrameworksBuildPhase;
			buildActionMask = 2147483647;
			files = (
				BA91291218E1335100ADAEB9 /* CoreGraphics.framework in Frameworks */,
				BA91291418E1335100ADAEB9 /* UIKit.framework in Frameworks */,
				BA91291018E1335100ADAEB9 /* Foundation.framework in Frameworks */,
			);
			runOnlyForDeploymentPostprocessing = 0;
		};
		BA91292D18E1335100ADAEB9 /* Frameworks */ = {
			isa = PBXFrameworksBuildPhase;
			buildActionMask = 2147483647;
			files = (
				BA91293218E1335100ADAEB9 /* XCTest.framework in Frameworks */,
				BA91293418E1335100ADAEB9 /* UIKit.framework in Frameworks */,
				BA91293318E1335100ADAEB9 /* Foundation.framework in Frameworks */,
			);
			runOnlyForDeploymentPostprocessing = 0;
		};
/* End PBXFrameworksBuildPhase section */

/* Begin PBXGroup section */
		BA91290318E1335100ADAEB9 = {
			isa = PBXGroup;
			children = (
				BA91291518E1335100ADAEB9 /* WakeMeUpPro */,
				BA91293718E1335100ADAEB9 /* WakeMeUpProTests */,
				BA91290E18E1335100ADAEB9 /* Frameworks */,
				BA91290D18E1335100ADAEB9 /* Products */,
			);
			sourceTree = "<group>";
		};
		BA91290D18E1335100ADAEB9 /* Products */ = {
			isa = PBXGroup;
			children = (
				BA91290C18E1335100ADAEB9 /* WakeMeUpPro.app */,
				BA91293018E1335100ADAEB9 /* WakeMeUpProTests.xctest */,
			);
			name = Products;
			sourceTree = "<group>";
		};
		BA91290E18E1335100ADAEB9 /* Frameworks */ = {
			isa = PBXGroup;
			children = (
				BA91290F18E1335100ADAEB9 /* Foundation.framework */,
				BA91291118E1335100ADAEB9 /* CoreGraphics.framework */,
				BA91291318E1335100ADAEB9 /* UIKit.framework */,
				BA91293118E1335100ADAEB9 /* XCTest.framework */,
			);
			name = Frameworks;
			sourceTree = "<group>";
		};
		BA91291518E1335100ADAEB9 /* WakeMeUpPro */ = {
			isa = PBXGroup;
			children = (
				BA91291E18E1335100ADAEB9 /* AppDelegate.h */,
				BA91291F18E1335100ADAEB9 /* AppDelegate.m */,
				BA91292118E1335100ADAEB9 /* Main_iPhone.storyboard */,
				BA91292418E1335100ADAEB9 /* Main_iPad.storyboard */,
				BA91292718E1335100ADAEB9 /* ViewController.h */,
				BA91292818E1335100ADAEB9 /* ViewController.m */,
				BA91292A18E1335100ADAEB9 /* Images.xcassets */,
				BA91291618E1335100ADAEB9 /* Supporting Files */,
			);
			path = WakeMeUpPro;
			sourceTree = "<group>";
		};
		BA91291618E1335100ADAEB9 /* Supporting Files */ = {
			isa = PBXGroup;
			children = (
				BA91291718E1335100ADAEB9 /* WakeMeUpPro-Info.plist */,
				BA91291818E1335100ADAEB9 /* InfoPlist.strings */,
				BA91291B18E1335100ADAEB9 /* main.m */,
				BA91291D18E1335100ADAEB9 /* WakeMeUpPro-Prefix.pch */,
			);
			name = "Supporting Files";
			sourceTree = "<group>";
		};
		BA91293718E1335100ADAEB9 /* WakeMeUpProTests */ = {
			isa = PBXGroup;
			children = (
				BA91293D18E1335100ADAEB9 /* WakeMeUpProTests.m */,
				BA91293818E1335100ADAEB9 /* Supporting Files */,
			);
			path = WakeMeUpProTests;
			sourceTree = "<group>";
		};
		BA91293818E1335100ADAEB9 /* Supporting Files */ = {
			isa = PBXGroup;
			children = (
				BA91293918E1335100ADAEB9 /* WakeMeUpProTests-Info.plist */,
				BA91293A18E1335100ADAEB9 /* InfoPlist.strings */,
			);
			name = "Supporting Files";
			sourceTree = "<group>";
		};
/* End PBXGroup section */

/* Begin PBXNativeTarget section */
		BA91290B18E1335100ADAEB9 /* WakeMeUpPro */ = {
			isa = PBXNativeTarget;
			buildConfigurationList = BA91294118E1335100ADAEB9 /* Build configuration list for PBXNativeTarget "WakeMeUpPro" */;
			buildPhases = (
				BA91290818E1335100ADAEB9 /* Sources */,
				BA91290918E1335100ADAEB9 /* Frameworks */,
				BA91290A18E1335100ADAEB9 /* Resources */,
			);
			buildRules = (
			);
			dependencies = (
			);
			name = WakeMeUpPro;
			productName = WakeMeUpPro;
			productReference = BA91290C18E1335100ADAEB9 /* WakeMeUpPro.app */;
			productType = "com.apple.product-type.application";
		};
		BA91292F18E1335100ADAEB9 /* WakeMeUpProTests */ = {
			isa = PBXNativeTarget;
			buildConfigurationList = BA91294418E1335100ADAEB9 /* Build configuration list for PBXNativeTarget "WakeMeUpProTests" */;
			buildPhases = (
				BA91292C18E1335100ADAEB9 /* Sources */,
				BA91292D18E1335100ADAEB9 /* Frameworks */,
				BA91292E18E1335100ADAEB9 /* Resources */,
			);
			buildRules = (
			);
			dependencies = (
				BA91293618E1335100ADAEB9 /* PBXTargetDependency */,
			);
			name = WakeMeUpProTests;
			productName = WakeMeUpProTests;
			productReference = BA91293018E1335100ADAEB9 /* WakeMeUpProTests.xctest */;
			productType = "com.apple.product-type.bundle.unit-test";
		};
/* End PBXNativeTarget section */

/* Begin PBXProject section */
		BA91290418E1335100ADAEB9 /* Project object */ = {
			isa = PBXProject;
			attributes = {
				LastUpgradeCheck = 0500;
				ORGANIZATIONNAME = "Bolt Studio";
				TargetAttributes = {
					BA91292F18E1335100ADAEB9 = {
						TestTargetID = BA91290B18E1335100ADAEB9;
					};
				};
			};
			buildConfigurationList = BA91290718E1335100ADAEB9 /* Build configuration list for PBXProject "WakeMeUpPro" */;
			compatibilityVersion = "Xcode 3.2";
			developmentRegion = English;
			hasScannedForEncodings = 0;
			knownRegions = (
				en,
				Base,
			);
			mainGroup = BA91290318E1335100ADAEB9;
			productRefGroup = BA91290D18E1335100ADAEB9 /* Products */;
			projectDirPath = "";
			projectRoot = "";
			targets = (
				BA91290B18E1335100ADAEB9 /* WakeMeUpPro */,
				BA91292F18E1335100ADAEB9 /* WakeMeUpProTests */,
			);
		};
/* End PBXProject section */

/* Begin PBXResourcesBuildPhase section */
		BA91290A18E1335100ADAEB9 /* Resources */ = {
			isa = PBXResourcesBuildPhase;
			buildActionMask = 2147483647;
			files = (
				BA91292618E1335100ADAEB9 /* Main_iPad.storyboard in Resources */,
				BA91292B18E1335100ADAEB9 /* Images.xcassets in Resources */,
				BA91292318E1335100ADAEB9 /* Main_iPhone.storyboard in Resources */,
				BA91291A18E1335100ADAEB9 /* InfoPlist.strings in Resources */,
			);
			runOnlyForDeploymentPostprocessing = 0;
		};
		BA91292E18E1335100ADAEB9 /* Resources */ = {
			isa = PBXResourcesBuildPhase;
			buildActionMask = 2147483647;
			files = (
				BA91293C18E1335100ADAEB9 /* InfoPlist.strings in Resources */,
			);
			runOnlyForDeploymentPostprocessing = 0;
		};
/* End PBXResourcesBuildPhase section */

/* Begin PBXSourcesBuildPhase section */
		BA91290818E1335100ADAEB9 /* Sources */ = {
			isa = PBXSourcesBuildPhase;
			buildActionMask = 2147483647;
			files = (
				BA91292918E1335100ADAEB9 /* ViewController.m in Sources */,
				BA91292018E1335100ADAEB9 /* AppDelegate.m in Sources */,
				BA91291C18E1335100ADAEB9 /* main.m in Sources */,
			);
			runOnlyForDeploymentPostprocessing = 0;
		};
		BA91292C18E1335100ADAEB9 /* Sources */ = {
			isa = PBXSourcesBuildPhase;
			buildActionMask = 2147483647;
			files = (
				BA91293E18E1335100ADAEB9 /* WakeMeUpProTests.m in Sources */,
			);
			runOnlyForDeploymentPostprocessing = 0;
		};
/* End PBXSourcesBuildPhase section */

/* Begin PBXTargetDependency section */
		BA91293618E1335100ADAEB9 /* PBXTargetDependency */ = {
			isa = PBXTargetDependency;
			target = BA91290B18E1335100ADAEB9 /* WakeMeUpPro */;
			targetProxy = BA91293518E1335100ADAEB9 /* PBXContainerItemProxy */;
		};
/* End PBXTargetDependency section */

/* Begin PBXVariantGroup section */
		BA91291818E1335100ADAEB9 /* InfoPlist.strings */ = {
			isa = PBXVariantGroup;
			children = (
				BA91291918E1335100ADAEB9 /* en */,
			);
			name = InfoPlist.strings;
			sourceTree = "<group>";
		};
		BA91292118E1335100ADAEB9 /* Main_iPhone.storyboard */ = {
			isa = PBXVariantGroup;
			children = (
				BA91292218E1335100ADAEB9 /* Base */,
			);
			name = Main_iPhone.storyboard;
			sourceTree = "<group>";
		};
		BA91292418E1335100ADAEB9 /* Main_iPad.storyboard */ = {
			isa = PBXVariantGroup;
			children = (
				BA91292518E1335100ADAEB9 /* Base */,
			);
			name = Main_iPad.storyboard;
			sourceTree = "<group>";
		};
		BA91293A18E1335100ADAEB9 /* InfoPlist.strings */ = {
			isa = PBXVariantGroup;
			children = (
				BA91293B18E1335100ADAEB9 /* en */,
			);
			name = InfoPlist.strings;
			sourceTree = "<group>";
		};
/* End PBXVariantGroup section */

/* Begin XCBuildConfiguration section */
		BA91293F18E1335100ADAEB9 /* Debug */ = {
			isa = XCBuildConfiguration;
			buildSettings = {
				ALWAYS_SEARCH_USER_PATHS = NO;
				ARCHS = "$(ARCHS_STANDARD_INCLUDING_64_BIT)";
				CLANG_CXX_LANGUAGE_STANDARD = "gnu++0x";
				CLANG_CXX_LIBRARY = "libc++";
				CLANG_ENABLE_MODULES = YES;
				CLANG_ENABLE_OBJC_ARC = YES;
				CLANG_WARN_BOOL_CONVERSION = YES;
				CLANG_WARN_CONSTANT_CONVERSION = YES;
				CLANG_WARN_DIRECT_OBJC_ISA_USAGE = YES_ERROR;
				CLANG_WARN_EMPTY_BODY = YES;
				CLANG_WARN_ENUM_CONVERSION = YES;
				CLANG_WARN_INT_CONVERSION = YES;
				CLANG_WARN_OBJC_ROOT_CLASS = YES_ERROR;
				CLANG_WARN__DUPLICATE_METHOD_MATCH = YES;
				"CODE_SIGN_IDENTITY[sdk=iphoneos*]" = "iPhone Developer";
				COPY_PHASE_STRIP = NO;
				GCC_C_LANGUAGE_STANDARD = gnu99;
				GCC_DYNAMIC_NO_PIC = NO;
				GCC_OPTIMIZATION_LEVEL = 0;
				GCC_PREPROCESSOR_DEFINITIONS = (
					"DEBUG=1",
					"$(inherited)",
				);
				GCC_SYMBOLS_PRIVATE_EXTERN = NO;
				GCC_WARN_64_TO_32_BIT_CONVERSION = YES;
				GCC_WARN_ABOUT_RETURN_TYPE = YES_ERROR;
				GCC_WARN_UNDECLARED_SELECTOR = YES;
				GCC_WARN_UNINITIALIZED_AUTOS = YES;
				GCC_WARN_UNUSED_FUNCTION = YES;
				GCC_WARN_UNUSED_VARIABLE = YES;
				IPHONEOS_DEPLOYMENT_TARGET = 7.0;
				ONLY_ACTIVE_ARCH = YES;
				SDKROOT = iphoneos;
				TARGETED_DEVICE_FAMILY = "1,2";
			};
			name = Debug;
		};
		BA91294018E1335100ADAEB9 /* Release */ = {
			isa = XCBuildConfiguration;
			buildSettings = {
				ALWAYS_SEARCH_USER_PATHS = NO;
				ARCHS = "$(ARCHS_STANDARD_INCLUDING_64_BIT)";
				CLANG_CXX_LANGUAGE_STANDARD = "gnu++0x";
				CLANG_CXX_LIBRARY = "libc++";
				CLANG_ENABLE_MODULES = YES;
				CLANG_ENABLE_OBJC_ARC = YES;
				CLANG_WARN_BOOL_CONVERSION = YES;
				CLANG_WARN_CONSTANT_CONVERSION = YES;
				CLANG_WARN_DIRECT_OBJC_ISA_USAGE = YES_ERROR;
				CLANG_WARN_EMPTY_BODY = YES;
				CLANG_WARN_ENUM_CONVERSION = YES;
				CLANG_WARN_INT_CONVERSION = YES;
				CLANG_WARN_OBJC_ROOT_CLASS = YES_ERROR;
				CLANG_WARN__DUPLICATE_METHOD_MATCH = YES;
				"CODE_SIGN_IDENTITY[sdk=iphoneos*]" = "iPhone Developer";
				COPY_PHASE_STRIP = YES;
				ENABLE_NS_ASSERTIONS = NO;
				GCC_C_LANGUAGE_STANDARD = gnu99;
				GCC_WARN_64_TO_32_BIT_CONVERSION = YES;
				GCC_WARN_ABOUT_RETURN_TYPE = YES_ERROR;
				GCC_WARN_UNDECLARED_SELECTOR = YES;
				GCC_WARN_UNINITIALIZED_AUTOS = YES;
				GCC_WARN_UNUSED_FUNCTION = YES;
				GCC_WARN_UNUSED_VARIABLE = YES;
				IPHONEOS_DEPLOYMENT_TARGET = 7.0;
				SDKROOT = iphoneos;
				TARGETED_DEVICE_FAMILY = "1,2";
				VALIDATE_PRODUCT = YES;
			};
			name = Release;
		};
		BA91294218E1335100ADAEB9 /* Debug */ = {
			isa = XCBuildConfiguration;
			buildSettings = {
				ASSETCATALOG_COMPILER_APPICON_NAME = AppIcon;
				ASSETCATALOG_COMPILER_LAUNCHIMAGE_NAME = LaunchImage;
				GCC_PRECOMPILE_PREFIX_HEADER = YES;
				GCC_PREFIX_HEADER = "WakeMeUpPro/WakeMeUpPro-Prefix.pch";
				INFOPLIST_FILE = "WakeMeUpPro/WakeMeUpPro-Info.plist";
				PRODUCT_NAME = "$(TARGET_NAME)";
				WRAPPER_EXTENSION = app;
			};
			name = Debug;
		};
		BA91294318E1335100ADAEB9 /* Release */ = {
			isa = XCBuildConfiguration;
			buildSettings = {
				ASSETCATALOG_COMPILER_APPICON_NAME = AppIcon;
				ASSETCATALOG_COMPILER_LAUNCHIMAGE_NAME = LaunchImage;
				GCC_PRECOMPILE_PREFIX_HEADER = YES;
				GCC_PREFIX_HEADER = "WakeMeUpPro/WakeMeUpPro-Prefix.pch";
				INFOPLIST_FILE = "WakeMeUpPro/WakeMeUpPro-Info.plist";
				PRODUCT_NAME = "$(TARGET_NAME)";
				WRAPPER_EXTENSION = app;
			};
			name = Release;
		};
		BA91294518E1335100ADAEB9 /* Debug */ = {
			isa = XCBuildConfiguration;
			buildSettings = {
				ARCHS = "$(ARCHS_STANDARD_INCLUDING_64_BIT)";
				BUNDLE_LOADER = "$(BUILT_PRODUCTS_DIR)/WakeMeUpPro.app/WakeMeUpPro";
				FRAMEWORK_SEARCH_PATHS = (
					"$(SDKROOT)/Developer/Library/Frameworks",
					"$(inherited)",
					"$(DEVELOPER_FRAMEWORKS_DIR)",
				);
				GCC_PRECOMPILE_PREFIX_HEADER = YES;
				GCC_PREFIX_HEADER = "WakeMeUpPro/WakeMeUpPro-Prefix.pch";
				GCC_PREPROCESSOR_DEFINITIONS = (
					"DEBUG=1",
					"$(inherited)",
				);
				INFOPLIST_FILE = "WakeMeUpProTests/WakeMeUpProTests-Info.plist";
				PRODUCT_NAME = "$(TARGET_NAME)";
				TEST_HOST = "$(BUNDLE_LOADER)";
				WRAPPER_EXTENSION = xctest;
			};
			name = Debug;
		};
		BA91294618E1335100ADAEB9 /* Release */ = {
			isa = XCBuildConfiguration;
			buildSettings = {
				ARCHS = "$(ARCHS_STANDARD_INCLUDING_64_BIT)";
				BUNDLE_LOADER = "$(BUILT_PRODUCTS_DIR)/WakeMeUpPro.app/WakeMeUpPro";
				FRAMEWORK_SEARCH_PATHS = (
					"$(SDKROOT)/Developer/Library/Frameworks",
					"$(inherited)",
					"$(DEVELOPER_FRAMEWORKS_DIR)",
				);
				GCC_PRECOMPILE_PREFIX_HEADER = YES;
				GCC_PREFIX_HEADER = "WakeMeUpPro/WakeMeUpPro-Prefix.pch";
				INFOPLIST_FILE = "WakeMeUpProTests/WakeMeUpProTests-Info.plist";
				PRODUCT_NAME = "$(TARGET_NAME)";
				TEST_HOST = "$(BUNDLE_LOADER)";
				WRAPPER_EXTENSION = xctest;
			};
			name = Release;
		};
/* End XCBuildConfiguration section */

/* Begin XCConfigurationList section */
		BA91290718E1335100ADAEB9 /* Build configuration list for PBXProject "WakeMeUpPro" */ = {
			isa = XCConfigurationList;
			buildConfigurations = (
				BA91293F18E1335100ADAEB9 /* Debug */,
				BA91294018E1335100ADAEB9 /* Release */,
			);
			defaultConfigurationIsVisible = 0;
			defaultConfigurationName = Release;
		};
		BA91294118E1335100ADAEB9 /* Build configuration list for PBXNativeTarget "WakeMeUpPro" */ = {
			isa = XCConfigurationList;
			buildConfigurations = (
				BA91294218E1335100ADAEB9 /* Debug */,
				BA91294318E1335100ADAEB9 /* Release */,
			);
			defaultConfigurationIsVisible = 0;
		};
		BA91294418E1335100ADAEB9 /* Build configuration list for PBXNativeTarget "WakeMeUpProTests" */ = {
			isa = XCConfigurationList;
			buildConfigurations = (
				BA91294518E1335100ADAEB9 /* Debug */,
				BA91294618E1335100ADAEB9 /* Release */,
			);
			defaultConfigurationIsVisible = 0;
		};
/* End XCConfigurationList section */
	};
	rootObject = BA91290418E1335100ADAEB9 /* Project object */;
}
